
Microsoft Visual Studio Solution File, Format Version 12.00
# Visual Studio Version 16
VisualStudioVersion = 16.0.29911.84
MinimumVisualStudioVersion = 10.0.40219.1
Project("{FAE04EC0-301F-11D3-BF4B-00C04F79EFBC}") = "ResponsiPemrog2646", "ResponsiPemrog2646.csproj", "{96410D11-AD5E-498F-8729-28C86A6D6BCC}"
EndProject
Global
	GlobalSection(SolutionConfigurationPlatforms) = preSolution
		Debug|Any CPU = Debug|Any CPU
		Release|Any CPU = Release|Any CPU
	EndGlobalSection
	GlobalSection(ProjectConfigurationPlatforms) = postSolution
		{96410D11-AD5E-498F-8729-28C86A6D6BCC}.Debug|Any CPU.ActiveCfg = Debug|Any CPU
		{96410D11-AD5E-498F-8729-28C86A6D6BCC}.Debug|Any CPU.Build.0 = Debug|Any CPU
		{96410D11-AD5E-498F-8729-28C86A6D6BCC}.Release|Any CPU.ActiveCfg = Release|Any CPU
		{96410D11-AD5E-498F-8729-28C86A6D6BCC}.Release|Any CPU.Build.0 = Release|Any CPU
	EndGlobalSection
	GlobalSection(SolutionProperties) = preSolution
		HideSolutionNode = FALSE
	EndGlobalSection
	GlobalSection(ExtensibilityGlobals) = postSolution
		SolutionGuid = {6D2D37D1-187C-4A7F-843C-A1940C9A2CC3}
	EndGlobalSection
EndGlobal
